
Microsoft Visual Studio Solution File, Format Version 12.00
# Visual Studio 15
VisualStudioVersion = 15.0.26124.0
MinimumVisualStudioVersion = 15.0.26124.0
Project("{FAE04EC0-301F-11D3-BF4B-00C04F79EFBC}") = "trxparser", "trxparser\trxparser.csproj", "{51C91BB6-FA42-4DD0-8BCF-24259A51E2D1}"
EndProject
Project("{FAE04EC0-301F-11D3-BF4B-00C04F79EFBC}") = "trxparser.tests", "trxparser.tests\trxparser.tests.csproj", "{02A610D0-B29A-4395-B226-F65F1C7194C4}"
EndProject
Project("{FAE04EC0-301F-11D3-BF4B-00C04F79EFBC}") = "trxfilesystem", "trxfilesystem\trxfilesystem.csproj", "{AE378B86-17B4-4229-BF70-3A26C0C1E763}"
EndProject
Global
	GlobalSection(SolutionConfigurationPlatforms) = preSolution
		Debug|Any CPU = Debug|Any CPU
		Debug|x64 = Debug|x64
		Debug|x86 = Debug|x86
		Release|Any CPU = Release|Any CPU
		Release|x64 = Release|x64
		Release|x86 = Release|x86
	EndGlobalSection
	GlobalSection(SolutionProperties) = preSolution
		HideSolutionNode = FALSE
	EndGlobalSection
	GlobalSection(ProjectConfigurationPlatforms) = postSolution
		{51C91BB6-FA42-4DD0-8BCF-24259A51E2D1}.Debug|Any CPU.ActiveCfg = Debug|Any CPU
		{51C91BB6-FA42-4DD0-8BCF-24259A51E2D1}.Debug|Any CPU.Build.0 = Debug|Any CPU
		{51C91BB6-FA42-4DD0-8BCF-24259A51E2D1}.Debug|x64.ActiveCfg = Debug|Any CPU
		{51C91BB6-FA42-4DD0-8BCF-24259A51E2D1}.Debug|x64.Build.0 = Debug|Any CPU
		{51C91BB6-FA42-4DD0-8BCF-24259A51E2D1}.Debug|x86.ActiveCfg = Debug|Any CPU
		{51C91BB6-FA42-4DD0-8BCF-24259A51E2D1}.Debug|x86.Build.0 = Debug|Any CPU
		{51C91BB6-FA42-4DD0-8BCF-24259A51E2D1}.Release|Any CPU.ActiveCfg = Release|Any CPU
		{51C91BB6-FA42-4DD0-8BCF-24259A51E2D1}.Release|Any CPU.Build.0 = Release|Any CPU
		{51C91BB6-FA42-4DD0-8BCF-24259A51E2D1}.Release|x64.ActiveCfg = Release|Any CPU
		{51C91BB6-FA42-4DD0-8BCF-24259A51E2D1}.Release|x64.Build.0 = Release|Any CPU
		{51C91BB6-FA42-4DD0-8BCF-24259A51E2D1}.Release|x86.ActiveCfg = Release|Any CPU
		{51C91BB6-FA42-4DD0-8BCF-24259A51E2D1}.Release|x86.Build.0 = Release|Any CPU
		{02A610D0-B29A-4395-B226-F65F1C7194C4}.Debug|Any CPU.ActiveCfg = Debug|Any CPU
		{02A610D0-B29A-4395-B226-F65F1C7194C4}.Debug|Any CPU.Build.0 = Debug|Any CPU
		{02A610D0-B29A-4395-B226-F65F1C7194C4}.Debug|x64.ActiveCfg = Debug|Any CPU
		{02A610D0-B29A-4395-B226-F65F1C7194C4}.Debug|x64.Build.0 = Debug|Any CPU
		{02A610D0-B29A-4395-B226-F65F1C7194C4}.Debug|x86.ActiveCfg = Debug|Any CPU
		{02A610D0-B29A-4395-B226-F65F1C7194C4}.Debug|x86.Build.0 = Debug|Any CPU
		{02A610D0-B29A-4395-B226-F65F1C7194C4}.Release|Any CPU.ActiveCfg = Release|Any CPU
		{02A610D0-B29A-4395-B226-F65F1C7194C4}.Release|Any CPU.Build.0 = Release|Any CPU
		{02A610D0-B29A-4395-B226-F65F1C7194C4}.Release|x64.ActiveCfg = Release|Any CPU
		{02A610D0-B29A-4395-B226-F65F1C7194C4}.Release|x64.Build.0 = Release|Any CPU
		{02A610D0-B29A-4395-B226-F65F1C7194C4}.Release|x86.ActiveCfg = Release|Any CPU
		{02A610D0-B29A-4395-B226-F65F1C7194C4}.Release|x86.Build.0 = Release|Any CPU
		{AE378B86-17B4-4229-BF70-3A26C0C1E763}.Debug|Any CPU.ActiveCfg = Debug|Any CPU
		{AE378B86-17B4-4229-BF70-3A26C0C1E763}.Debug|Any CPU.Build.0 = Debug|Any CPU
		{AE378B86-17B4-4229-BF70-3A26C0C1E763}.Debug|x64.ActiveCfg = Debug|Any CPU
		{AE378B86-17B4-4229-BF70-3A26C0C1E763}.Debug|x64.Build.0 = Debug|Any CPU
		{AE378B86-17B4-4229-BF70-3A26C0C1E763}.Debug|x86.ActiveCfg = Debug|Any CPU
		{AE378B86-17B4-4229-BF70-3A26C0C1E763}.Debug|x86.Build.0 = Debug|Any CPU
		{AE378B86-17B4-4229-BF70-3A26C0C1E763}.Release|Any CPU.ActiveCfg = Release|Any CPU
		{AE378B86-17B4-4229-BF70-3A26C0C1E763}.Release|Any CPU.Build.0 = Release|Any CPU
		{AE378B86-17B4-4229-BF70-3A26C0C1E763}.Release|x64.ActiveCfg = Release|Any CPU
		{AE378B86-17B4-4229-BF70-3A26C0C1E763}.Release|x64.Build.0 = Release|Any CPU
		{AE378B86-17B4-4229-BF70-3A26C0C1E763}.Release|x86.ActiveCfg = Release|Any CPU
		{AE378B86-17B4-4229-BF70-3A26C0C1E763}.Release|x86.Build.0 = Release|Any CPU
	EndGlobalSection
EndGlobal
